
Microsoft Visual Studio Solution File, Format Version 12.00
# Visual Studio Version 17
VisualStudioVersion = 17.7.34009.444
MinimumVisualStudioVersion = 10.0.40219.1
Project("{FAE04EC0-301F-11D3-BF4B-00C04F79EFBC}") = "Product.Order", "Product.Order.csproj", "{D5715A11-30A7-4D99-9C99-95A09F6E97AB}"
EndProject
Project("{00D1A9C2-B5F0-4AF3-8072-F6C62B433612}") = "ProductData.Sql", "..\data\ProductData\ProductData.Sql.sqlproj", "{D2B817AC-FB90-448B-8310-FE3BFFBD01D7}"
EndProject
Global
	GlobalSection(SolutionConfigurationPlatforms) = preSolution
		Debug|Any CPU = Debug|Any CPU
		Release|Any CPU = Release|Any CPU
	EndGlobalSection
	GlobalSection(ProjectConfigurationPlatforms) = postSolution
		{D5715A11-30A7-4D99-9C99-95A09F6E97AB}.Debug|Any CPU.ActiveCfg = Debug|Any CPU
		{D5715A11-30A7-4D99-9C99-95A09F6E97AB}.Debug|Any CPU.Build.0 = Debug|Any CPU
		{D5715A11-30A7-4D99-9C99-95A09F6E97AB}.Release|Any CPU.ActiveCfg = Release|Any CPU
		{D5715A11-30A7-4D99-9C99-95A09F6E97AB}.Release|Any CPU.Build.0 = Release|Any CPU
		{D2B817AC-FB90-448B-8310-FE3BFFBD01D7}.Debug|Any CPU.ActiveCfg = Debug|Any CPU
		{D2B817AC-FB90-448B-8310-FE3BFFBD01D7}.Debug|Any CPU.Build.0 = Debug|Any CPU
		{D2B817AC-FB90-448B-8310-FE3BFFBD01D7}.Debug|Any CPU.Deploy.0 = Debug|Any CPU
		{D2B817AC-FB90-448B-8310-FE3BFFBD01D7}.Release|Any CPU.ActiveCfg = Release|Any CPU
		{D2B817AC-FB90-448B-8310-FE3BFFBD01D7}.Release|Any CPU.Build.0 = Release|Any CPU
		{D2B817AC-FB90-448B-8310-FE3BFFBD01D7}.Release|Any CPU.Deploy.0 = Release|Any CPU
	EndGlobalSection
	GlobalSection(SolutionProperties) = preSolution
		HideSolutionNode = FALSE
	EndGlobalSection
	GlobalSection(ExtensibilityGlobals) = postSolution
		SolutionGuid = {DFC44521-4231-4F56-8B38-CD92AF949DD2}
	EndGlobalSection
EndGlobal
